
Microsoft Visual Studio Solution File, Format Version 12.00
# Visual Studio Version 17
VisualStudioVersion = 17.10.34916.146
MinimumVisualStudioVersion = 10.0.40219.1
Project("{FAE04EC0-301F-11D3-BF4B-00C04F79EFBC}") = "PSP05_TE1_GestorPass", "PSP05_TE1_GestorPass.csproj", "{3E1CA3E2-E109-4594-98AC-0E9EF556DB3A}"
EndProject
Global
	GlobalSection(SolutionConfigurationPlatforms) = preSolution
		Debug|Any CPU = Debug|Any CPU
		Release|Any CPU = Release|Any CPU
	EndGlobalSection
	GlobalSection(ProjectConfigurationPlatforms) = postSolution
		{3E1CA3E2-E109-4594-98AC-0E9EF556DB3A}.Debug|Any CPU.ActiveCfg = Debug|Any CPU
		{3E1CA3E2-E109-4594-98AC-0E9EF556DB3A}.Debug|Any CPU.Build.0 = Debug|Any CPU
		{3E1CA3E2-E109-4594-98AC-0E9EF556DB3A}.Release|Any CPU.ActiveCfg = Release|Any CPU
		{3E1CA3E2-E109-4594-98AC-0E9EF556DB3A}.Release|Any CPU.Build.0 = Release|Any CPU
	EndGlobalSection
	GlobalSection(SolutionProperties) = preSolution
		HideSolutionNode = FALSE
	EndGlobalSection
	GlobalSection(ExtensibilityGlobals) = postSolution
		SolutionGuid = {8A06BB71-ACCA-468F-A3AC-86E2C54BE162}
	EndGlobalSection
EndGlobal
