
Microsoft Visual Studio Solution File, Format Version 12.00
# Visual Studio Version 17
VisualStudioVersion = 17.8.34511.84
MinimumVisualStudioVersion = 10.0.40219.1
Project("{FAE04EC0-301F-11D3-BF4B-00C04F79EFBC}") = "CarreraCaballos", "CarreraCaballos.csproj", "{BB6A85A2-9090-4DC9-B3F1-1883FD7D3550}"
EndProject
Global
	GlobalSection(SolutionConfigurationPlatforms) = preSolution
		Debug|Any CPU = Debug|Any CPU
		Release|Any CPU = Release|Any CPU
	EndGlobalSection
	GlobalSection(ProjectConfigurationPlatforms) = postSolution
		{BB6A85A2-9090-4DC9-B3F1-1883FD7D3550}.Debug|Any CPU.ActiveCfg = Debug|Any CPU
		{BB6A85A2-9090-4DC9-B3F1-1883FD7D3550}.Debug|Any CPU.Build.0 = Debug|Any CPU
		{BB6A85A2-9090-4DC9-B3F1-1883FD7D3550}.Release|Any CPU.ActiveCfg = Release|Any CPU
		{BB6A85A2-9090-4DC9-B3F1-1883FD7D3550}.Release|Any CPU.Build.0 = Release|Any CPU
	EndGlobalSection
	GlobalSection(SolutionProperties) = preSolution
		HideSolutionNode = FALSE
	EndGlobalSection
	GlobalSection(ExtensibilityGlobals) = postSolution
		SolutionGuid = {558DB3CE-540D-4686-B92E-BBFD8569EC17}
	EndGlobalSection
EndGlobal
